
Microsoft Visual Studio Solution File, Format Version 12.00
# Visual Studio Version 17
VisualStudioVersion = 17.2.32519.379
MinimumVisualStudioVersion = 10.0.40219.1
Project("{2150E333-8FDC-42A3-9474-1A3956D46DE8}") = "src", "src", "{3C0D4E15-AD5A-4191-B3F2-4CDFCAA2A615}"
EndProject
Project("{2150E333-8FDC-42A3-9474-1A3956D46DE8}") = "API", "API", "{2177ABF6-5C5F-4A32-B274-A62AB67692F6}"
EndProject
Project("{2150E333-8FDC-42A3-9474-1A3956D46DE8}") = "Core", "Core", "{C210FF9F-FCA5-4205-9197-061BE1AC07C0}"
EndProject
Project("{2150E333-8FDC-42A3-9474-1A3956D46DE8}") = "Infrastructure", "Infrastructure", "{490EE41E-9564-499F-9AFC-C440E6023C00}"
EndProject
Project("{2150E333-8FDC-42A3-9474-1A3956D46DE8}") = "UI", "UI", "{F5043676-BCD5-474B-ADC2-FC87A1BBCEE5}"
EndProject
Project("{2150E333-8FDC-42A3-9474-1A3956D46DE8}") = "test", "test", "{4514F825-89B7-4417-98D1-02F9F35A0C4B}"
EndProject
Project("{9A19103F-16F7-4668-BE54-9A1E7A4F7556}") = "MyWallet.Domain", "MyWallet.Domain\MyWallet.Domain.csproj", "{209BCE80-7CCD-4370-9C43-3FE92BDDC349}"
EndProject
Project("{9A19103F-16F7-4668-BE54-9A1E7A4F7556}") = "MyWallet.Application", "MyWallet.Application\MyWallet.Application.csproj", "{19184B3A-3A11-43BB-83AE-02D4873A4A40}"
EndProject
Project("{9A19103F-16F7-4668-BE54-9A1E7A4F7556}") = "MyWallet.Api", "MyWallet.Api\MyWallet.Api.csproj", "{F11A9AE7-E5ED-4FAD-9C92-BCB0B8EFF3FB}"
EndProject
Project("{9A19103F-16F7-4668-BE54-9A1E7A4F7556}") = "MyWallet.Persistence", "MyWallet.Persistence\MyWallet.Persistence.csproj", "{3A5B4509-DDBE-47CA-906E-74D4E027355E}"
EndProject
Global
	GlobalSection(SolutionConfigurationPlatforms) = preSolution
		Debug|Any CPU = Debug|Any CPU
		Release|Any CPU = Release|Any CPU
	EndGlobalSection
	GlobalSection(ProjectConfigurationPlatforms) = postSolution
		{209BCE80-7CCD-4370-9C43-3FE92BDDC349}.Debug|Any CPU.ActiveCfg = Debug|Any CPU
		{209BCE80-7CCD-4370-9C43-3FE92BDDC349}.Debug|Any CPU.Build.0 = Debug|Any CPU
		{209BCE80-7CCD-4370-9C43-3FE92BDDC349}.Release|Any CPU.ActiveCfg = Release|Any CPU
		{209BCE80-7CCD-4370-9C43-3FE92BDDC349}.Release|Any CPU.Build.0 = Release|Any CPU
		{19184B3A-3A11-43BB-83AE-02D4873A4A40}.Debug|Any CPU.ActiveCfg = Debug|Any CPU
		{19184B3A-3A11-43BB-83AE-02D4873A4A40}.Debug|Any CPU.Build.0 = Debug|Any CPU
		{19184B3A-3A11-43BB-83AE-02D4873A4A40}.Release|Any CPU.ActiveCfg = Release|Any CPU
		{19184B3A-3A11-43BB-83AE-02D4873A4A40}.Release|Any CPU.Build.0 = Release|Any CPU
		{F11A9AE7-E5ED-4FAD-9C92-BCB0B8EFF3FB}.Debug|Any CPU.ActiveCfg = Debug|Any CPU
		{F11A9AE7-E5ED-4FAD-9C92-BCB0B8EFF3FB}.Debug|Any CPU.Build.0 = Debug|Any CPU
		{F11A9AE7-E5ED-4FAD-9C92-BCB0B8EFF3FB}.Release|Any CPU.ActiveCfg = Release|Any CPU
		{F11A9AE7-E5ED-4FAD-9C92-BCB0B8EFF3FB}.Release|Any CPU.Build.0 = Release|Any CPU
		{3A5B4509-DDBE-47CA-906E-74D4E027355E}.Debug|Any CPU.ActiveCfg = Debug|Any CPU
		{3A5B4509-DDBE-47CA-906E-74D4E027355E}.Debug|Any CPU.Build.0 = Debug|Any CPU
		{3A5B4509-DDBE-47CA-906E-74D4E027355E}.Release|Any CPU.ActiveCfg = Release|Any CPU
		{3A5B4509-DDBE-47CA-906E-74D4E027355E}.Release|Any CPU.Build.0 = Release|Any CPU
	EndGlobalSection
	GlobalSection(SolutionProperties) = preSolution
		HideSolutionNode = FALSE
	EndGlobalSection
	GlobalSection(NestedProjects) = preSolution
		{2177ABF6-5C5F-4A32-B274-A62AB67692F6} = {3C0D4E15-AD5A-4191-B3F2-4CDFCAA2A615}
		{C210FF9F-FCA5-4205-9197-061BE1AC07C0} = {3C0D4E15-AD5A-4191-B3F2-4CDFCAA2A615}
		{490EE41E-9564-499F-9AFC-C440E6023C00} = {3C0D4E15-AD5A-4191-B3F2-4CDFCAA2A615}
		{F5043676-BCD5-474B-ADC2-FC87A1BBCEE5} = {3C0D4E15-AD5A-4191-B3F2-4CDFCAA2A615}
		{209BCE80-7CCD-4370-9C43-3FE92BDDC349} = {C210FF9F-FCA5-4205-9197-061BE1AC07C0}
		{19184B3A-3A11-43BB-83AE-02D4873A4A40} = {C210FF9F-FCA5-4205-9197-061BE1AC07C0}
		{F11A9AE7-E5ED-4FAD-9C92-BCB0B8EFF3FB} = {2177ABF6-5C5F-4A32-B274-A62AB67692F6}
		{3A5B4509-DDBE-47CA-906E-74D4E027355E} = {490EE41E-9564-499F-9AFC-C440E6023C00}
	EndGlobalSection
	GlobalSection(ExtensibilityGlobals) = postSolution
		SolutionGuid = {DC8CA78C-C4D8-4D65-A8AB-CF65D621FD40}
	EndGlobalSection
EndGlobal
